<?xml version="1.0" encoding="utf-8"?>
<Project ToolsVersion="4.0" xmlns="http://schemas.microsoft.com/developer/msbuild/2003">
  <ItemGroup>
    <ClCompile Include="kooglebot_src\kooglebot_ai.c">
      <Filter>Kingpin Multi Mod\Mods\Koogle Bot Source</Filter>
    </ClCompile>
    <ClCompile Include="kooglebot_src\kooglebot_cmds.c">
      <Filter>Kingpin Multi Mod\Mods\Koogle Bot Source</Filter>
    </ClCompile>
    <ClCompile Include="kooglebot_src\kooglebot_compress.c">
      <Filter>Kingpin Multi Mod\Mods\Koogle Bot Source</Filter>
    </ClCompile>
    <ClCompile Include="kooglebot_src\kooglebot_items.c">
      <Filter>Kingpin Multi Mod\Mods\Koogle Bot Source</Filter>
    </ClCompile>
    <ClCompile Include="kooglebot_src\kooglebot_movement.c">
      <Filter>Kingpin Multi Mod\Mods\Koogle Bot Source</Filter>
    </ClCompile>
    <ClCompile Include="kooglebot_src\kooglebot_nodes.c">
      <Filter>Kingpin Multi Mod\Mods\Koogle Bot Source</Filter>
    </ClCompile>
    <ClCompile Include="kooglebot_src\kooglebot_spawn.c">
      <Filter>Kingpin Multi Mod\Mods\Koogle Bot Source</Filter>
    </ClCompile>
    <ClCompile Include="g_hitmen_mod.c">
      <Filter>Kingpin Multi Mod\Mods\Hitmen Mod</Filter>
    </ClCompile>
    <ClCompile Include="p_hook.c">
      <Filter>Kingpin Multi Mod\Mods\Hook &amp; Grapple</Filter>
    </ClCompile>
    <ClCompile Include="g_ai.c">
      <Filter>Kingpin Multi Mod\C Files</Filter>
    </ClCompile>
    <ClCompile Include="g_cast.c">
      <Filter>Kingpin Multi Mod\C Files</Filter>
    </ClCompile>
    <ClCompile Include="vehicles.c">
      <Filter>Kingpin Multi Mod\C Files</Filter>
    </ClCompile>
    <ClCompile Include="voice.c">
      <Filter>Kingpin Multi Mod\C Files</Filter>
    </ClCompile>
    <ClCompile Include="voice_bitch.c">
      <Filter>Kingpin Multi Mod\C Files</Filter>
    </ClCompile>
    <ClCompile Include="voice_punk.c">
      <Filter>Kingpin Multi Mod\C Files</Filter>
    </ClCompile>
    <ClCompile Include="unlagged.c">
      <Filter>Kingpin Multi Mod\Mods\Unlagged</Filter>
    </ClCompile>
    <ClCompile Include="tourney.c">
      <Filter>Kingpin Multi Mod\Mods\Monkey Mod</Filter>
    </ClCompile>
    <ClCompile Include="file.c">
      <Filter>Kingpin Multi Mod\Mods\Monkey Mod</Filter>
    </ClCompile>
    <ClCompile Include="g_main.c">
      <Filter>Kingpin Multi Mod</Filter>
    </ClCompile>
    <ClCompile Include="g_save.c">
      <Filter>Kingpin Multi Mod</Filter>
    </ClCompile>
    <ClCompile Include="g_spawn.c">
      <Filter>Kingpin Multi Mod</Filter>
    </ClCompile>
    <ClCompile Include="g_svcmds.c">
      <Filter>Kingpin Multi Mod</Filter>
    </ClCompile>
    <ClCompile Include="p_hud.c">
      <Filter>Kingpin Multi Mod</Filter>
    </ClCompile>
    <ClCompile Include="p_view.c">
      <Filter>Kingpin Multi Mod</Filter>
    </ClCompile>
    <ClCompile Include="g_chase.c">
      <Filter>Kingpin Multi Mod\Mods\Snap Chase Cam</Filter>
    </ClCompile>
    <ClCompile Include="g_combat.c">
      <Filter>Kingpin Multi Mod\Mods\Server Files</Filter>
    </ClCompile>
    <ClCompile Include="g_cmds.c">
      <Filter>Kingpin Multi Mod\Mods\Server Files</Filter>
    </ClCompile>
    <ClCompile Include="g_func.c">
      <Filter>Kingpin Multi Mod\Mods\Server Files</Filter>
    </ClCompile>
    <ClCompile Include="g_items.c">
      <Filter>Kingpin Multi Mod\Mods\Server Files</Filter>
    </ClCompile>
    <ClCompile Include="g_misc.c">
      <Filter>Kingpin Multi Mod\Mods\Server Files</Filter>
    </ClCompile>
    <ClCompile Include="g_phys.c">
      <Filter>Kingpin Multi Mod\Mods\Server Files</Filter>
    </ClCompile>
    <ClCompile Include="g_props.c">
      <Filter>Kingpin Multi Mod\Mods\Server Files</Filter>
    </ClCompile>
    <ClCompile Include="g_target.c">
      <Filter>Kingpin Multi Mod\Mods\Server Files</Filter>
    </ClCompile>
    <ClCompile Include="g_teamplay.c">
      <Filter>Kingpin Multi Mod\Mods\Server Files</Filter>
    </ClCompile>
    <ClCompile Include="g_trigger.c">
      <Filter>Kingpin Multi Mod\Mods\Server Files</Filter>
    </ClCompile>
    <ClCompile Include="g_utils.c">
      <Filter>Kingpin Multi Mod\Mods\Server Files</Filter>
    </ClCompile>
    <ClCompile Include="g_weapon.c">
      <Filter>Kingpin Multi Mod\Mods\Server Files</Filter>
    </ClCompile>
    <ClCompile Include="m_bbox.c">
      <Filter>Kingpin Multi Mod\Mods\Server Files</Filter>
    </ClCompile>
    <ClCompile Include="m_move.c">
      <Filter>Kingpin Multi Mod\Mods\Server Files</Filter>
    </ClCompile>
    <ClCompile Include="p_client.c">
      <Filter>Kingpin Multi Mod\Mods\Server Files</Filter>
    </ClCompile>
    <ClCompile Include="q_shared.c">
      <Filter>Kingpin Multi Mod\Mods\Server Files</Filter>
    </ClCompile>
    <ClCompile Include="p_weapon.c">
      <Filter>Kingpin Multi Mod\Mods\Server Files</Filter>
    </ClCompile>
    <ClCompile Include="file_botmen_ini.c">
      <Filter>Kingpin Multi Mod\Mods\Botmen Mod</Filter>
    </ClCompile>
    <ClCompile Include="file_comp_ini.c">
      <Filter>Kingpin Multi Mod\Mods\Monkey Mod</Filter>
    </ClCompile>
    <ClCompile Include="file_coop_ini.c">
      <Filter>Kingpin Multi Mod\Mods\Coop Mod</Filter>
    </ClCompile>
    <ClCompile Include="file_curse_ini.c">
      <Filter>Kingpin Multi Mod\Mods\Curse Mod</Filter>
    </ClCompile>
    <ClCompile Include="file_dogmod_ini.c">
      <Filter>Kingpin Multi Mod\Mods\Dog Mod</Filter>
    </ClCompile>
    <ClCompile Include="file_genocide_ini.c">
      <Filter>Kingpin Multi Mod\Mods\Genocide Mod</Filter>
    </ClCompile>
    <ClCompile Include="file_godfather_ini.c">
      <Filter>Kingpin Multi Mod\Mods\GodFather Mod</Filter>
    </ClCompile>
    <ClCompile Include="file_hitmen_ini.c">
      <Filter>Kingpin Multi Mod\Mods\Hitmen Mod</Filter>
    </ClCompile>
    <ClCompile Include="file_hitmen_teams_ini.c">
      <Filter>Kingpin Multi Mod\Mods\Hitmen Mod</Filter>
    </ClCompile>
    <ClCompile Include="file_insanity_ini.c">
      <Filter>Kingpin Multi Mod\Mods\Insanity Mod</Filter>
    </ClCompile>
    <ClCompile Include="file_gunrace_ini.c">
      <Filter>Kingpin Multi Mod\Mods\Gunrace Mod</Filter>
    </ClCompile>
    <ClCompile Include="file_insomnia_ini.c">
      <Filter>Kingpin Multi Mod\Mods\Insomnia Mod</Filter>
    </ClCompile>
    <ClCompile Include="file_kpq2_ini.c">
      <Filter>Kingpin Multi Mod\Mods\KPQ2 Mod</Filter>
    </ClCompile>
    <ClCompile Include="file_kpz_ini.c">
      <Filter>Kingpin Multi Mod\Mods\KPZ Mod</Filter>
    </ClCompile>
    <ClCompile Include="file_sgm_ini.c">
      <Filter>Kingpin Multi Mod\Mods\SGM Mod</Filter>
    </ClCompile>
    <ClCompile Include="file_assault_ini.c">
      <Filter>Kingpin Multi Mod\Mods\Assault Mod</Filter>
    </ClCompile>
    <ClCompile Include="file_bloodmoney_ini.c">
      <Filter>Kingpin Multi Mod\Mods\Blood Money Mod</Filter>
    </ClCompile>
    <ClCompile Include="file_botmatch_ini.c">
      <Filter>Kingpin Multi Mod\Mods\Botmatch Mod</Filter>
    </ClCompile>
    <ClCompile Include="lan_play_settings.c">
      <Filter>Kingpin Multi Mod\Mods\Monkey Mod</Filter>
    </ClCompile>
    <ClCompile Include="p_grapple.c">
      <Filter>Kingpin Multi Mod\Mods\Hook &amp; Grapple</Filter>
    </ClCompile>
  </ItemGroup>
  <ItemGroup>
    <ClInclude Include="kooglebot_src\kooglebot.h">
      <Filter>Kingpin Multi Mod\Mods\Koogle Bot Source</Filter>
    </ClInclude>
    <ClInclude Include="file.h">
      <Filter>Kingpin Multi Mod\Header Files</Filter>
    </ClInclude>
    <ClInclude Include="g_ai.h">
      <Filter>Kingpin Multi Mod\Header Files</Filter>
    </ClInclude>
    <ClInclude Include="g_func.h">
      <Filter>Kingpin Multi Mod\Header Files</Filter>
    </ClInclude>
    <ClInclude Include="g_hitmen_mod.h">
      <Filter>Kingpin Multi Mod\Header Files</Filter>
    </ClInclude>
    <ClInclude Include="g_local.h">
      <Filter>Kingpin Multi Mod\Header Files</Filter>
    </ClInclude>
    <ClInclude Include="g_nav.h">
      <Filter>Kingpin Multi Mod\Header Files</Filter>
    </ClInclude>
    <ClInclude Include="g_teamplay.h">
      <Filter>Kingpin Multi Mod\Header Files</Filter>
    </ClInclude>
    <ClInclude Include="m_player.h">
      <Filter>Kingpin Multi Mod\Header Files</Filter>
    </ClInclude>
    <ClInclude Include="q_shared.h">
      <Filter>Kingpin Multi Mod\Header Files</Filter>
    </ClInclude>
    <ClInclude Include="veh_defs.h">
      <Filter>Kingpin Multi Mod\Header Files</Filter>
    </ClInclude>
    <ClInclude Include="vehicles.h">
      <Filter>Kingpin Multi Mod\Header Files</Filter>
    </ClInclude>
    <ClInclude Include="voice.h">
      <Filter>Kingpin Multi Mod\Header Files</Filter>
    </ClInclude>
    <ClInclude Include="voice_bitch.h">
      <Filter>Kingpin Multi Mod\Header Files</Filter>
    </ClInclude>
    <ClInclude Include="voice_punk.h">
      <Filter>Kingpin Multi Mod\Header Files</Filter>
    </ClInclude>
    <ClInclude Include="game.h">
      <Filter>Kingpin Multi Mod\Header Files</Filter>
    </ClInclude>
    <ClInclude Include="resource.h">
      <Filter>Kingpin Multi Mod\Header Files</Filter>
    </ClInclude>
    <ClInclude Include="p_grapple.h">
      <Filter>Kingpin Multi Mod\Mods\Hook &amp; Grapple</Filter>
    </ClInclude>
  </ItemGroup>
  <ItemGroup>
    <CustomBuild Include="game.def" />
  </ItemGroup>
  <ItemGroup>
    <Filter Include="Config Files">
      <UniqueIdentifier>{06dd2fa4-0bd4-4de6-8a73-41349b535348}</UniqueIdentifier>
    </Filter>
    <Filter Include="Kingpin Multi Mod">
      <UniqueIdentifier>{db25f78a-2a23-4e34-b455-5f656e58b048}</UniqueIdentifier>
    </Filter>
    <Filter Include="Kingpin Multi Mod\Header Files">
      <UniqueIdentifier>{cdac165f-7e06-498e-9121-904b4a99d6bb}</UniqueIdentifier>
    </Filter>
    <Filter Include="Kingpin Multi Mod\C Files">
      <UniqueIdentifier>{c845582f-7079-4297-a829-d225e2b4ea40}</UniqueIdentifier>
    </Filter>
    <Filter Include="Kingpin Multi Mod\Mods">
      <UniqueIdentifier>{809659fe-0a8e-4284-a140-a172f7bd494f}</UniqueIdentifier>
    </Filter>
    <Filter Include="Kingpin Multi Mod\Mods\Koogle Bot Source">
      <UniqueIdentifier>{3abcca90-c5d2-420a-8c11-089a56cbad56}</UniqueIdentifier>
    </Filter>
    <Filter Include="Kingpin Multi Mod\Mods\Monkey Mod">
      <UniqueIdentifier>{5e9fd048-abab-48a9-a143-b7c879aca136}</UniqueIdentifier>
    </Filter>
    <Filter Include="Kingpin Multi Mod\Mods\Unlagged">
      <UniqueIdentifier>{6e733af3-cfdd-4ef8-821b-37a1fd3474b6}</UniqueIdentifier>
    </Filter>
    <Filter Include="Config Files\main Config Files">
      <UniqueIdentifier>{b89f4669-2c6e-4985-b1b3-9edb0a015403}</UniqueIdentifier>
    </Filter>
    <Filter Include="Kingpin Multi Mod\Mods\Server Files">
      <UniqueIdentifier>{2f66d252-a6c3-4253-a983-42686f44c3d0}</UniqueIdentifier>
    </Filter>
    <Filter Include="Kingpin Multi Mod\Mods\Snap Chase Cam">
      <UniqueIdentifier>{ad38b418-da21-4f51-9e66-2aff67015331}</UniqueIdentifier>
    </Filter>
    <Filter Include="Kingpin Multi Mod\Mods\Blood Money Mod">
      <UniqueIdentifier>{ce940ab1-c7dc-40ae-b010-a26b07f68690}</UniqueIdentifier>
    </Filter>
    <Filter Include="Kingpin Multi Mod\Mods\Assault Mod">
      <UniqueIdentifier>{0c8c0377-78c3-4627-8679-4d500036bb24}</UniqueIdentifier>
    </Filter>
    <Filter Include="Kingpin Multi Mod\Mods\Coop Mod">
      <UniqueIdentifier>{c2b7ae95-1373-4bef-9c19-1af86569dd8e}</UniqueIdentifier>
    </Filter>
    <Filter Include="Kingpin Multi Mod\Mods\Curse Mod">
      <UniqueIdentifier>{7cf0f35f-68a8-4591-b352-6c40dc133a25}</UniqueIdentifier>
    </Filter>
    <Filter Include="Kingpin Multi Mod\Mods\Dog Mod">
      <UniqueIdentifier>{ff4c2cc1-118b-4b09-9475-b8d064e40d21}</UniqueIdentifier>
    </Filter>
    <Filter Include="Kingpin Multi Mod\Mods\Genocide Mod">
      <UniqueIdentifier>{e45d7d8c-5922-4144-a7ae-d742bcc163ed}</UniqueIdentifier>
    </Filter>
    <Filter Include="Kingpin Multi Mod\Mods\Hitmen Mod">
      <UniqueIdentifier>{f97dd27b-f9b3-4396-8455-8d776bb71ca4}</UniqueIdentifier>
    </Filter>
    <Filter Include="Kingpin Multi Mod\Mods\Botmatch Mod">
      <UniqueIdentifier>{2b0cf580-582e-4003-964e-2b2d18f6784b}</UniqueIdentifier>
    </Filter>
    <Filter Include="Kingpin Multi Mod\Mods\Botmen Mod">
      <UniqueIdentifier>{7f2a7a98-e826-4e51-8b25-d62d8de67b75}</UniqueIdentifier>
    </Filter>
    <Filter Include="Kingpin Multi Mod\Mods\GodFather Mod">
      <UniqueIdentifier>{2f6355c3-6f5d-4e58-98a5-0b6f4e5f2835}</UniqueIdentifier>
    </Filter>
    <Filter Include="Kingpin Multi Mod\Mods\Gunrace Mod">
      <UniqueIdentifier>{d38407c1-254e-4471-8ab5-5ee9ef6fe7f3}</UniqueIdentifier>
    </Filter>
    <Filter Include="Kingpin Multi Mod\Mods\Insanity Mod">
      <UniqueIdentifier>{63813d27-45cf-40de-b83d-257e1d8c435f}</UniqueIdentifier>
    </Filter>
    <Filter Include="Kingpin Multi Mod\Mods\Insomnia Mod">
      <UniqueIdentifier>{33ecda17-0c0a-4908-af1b-5bd3cb832039}</UniqueIdentifier>
    </Filter>
    <Filter Include="Kingpin Multi Mod\Mods\KPQ2 Mod">
      <UniqueIdentifier>{11ba4e08-eed8-40b5-9729-b97dab5d1ffb}</UniqueIdentifier>
    </Filter>
    <Filter Include="Kingpin Multi Mod\Mods\KPZ Mod">
      <UniqueIdentifier>{5b9bc43f-227f-4c97-98ac-ed97cd32eb62}</UniqueIdentifier>
    </Filter>
    <Filter Include="Kingpin Multi Mod\Mods\SGM Mod">
      <UniqueIdentifier>{aeff1a19-23c7-4401-9901-392c5464dc70}</UniqueIdentifier>
    </Filter>
    <Filter Include="Kingpin Multi Mod\Mods\Hook &amp; Grapple">
      <UniqueIdentifier>{2fcd7dce-da2e-4207-908a-a3116d5c83cb}</UniqueIdentifier>
    </Filter>
  </ItemGroup>
  <ItemGroup>
    <None Include="ClassDiagram.cd" />
    <None Include="..\comp.ini">
      <Filter>Config Files\main Config Files</Filter>
    </None>
    <None Include="..\Dedicated Bot Server.bat">
      <Filter>Config Files\main Config Files</Filter>
    </None>
    <None Include="..\default.cfg">
      <Filter>Config Files\main Config Files</Filter>
    </None>
    <None Include="..\hitmen.ini">
      <Filter>Config Files\main Config Files</Filter>
    </None>
    <None Include="..\hook.cfg">
      <Filter>Config Files\main Config Files</Filter>
    </None>
    <None Include="..\Lan Bot Server.bat">
      <Filter>Config Files\main Config Files</Filter>
    </None>
    <None Include="..\server.cfg">
      <Filter>Config Files\main Config Files</Filter>
    </None>
    <None Include="..\bot_setup.cfg">
      <Filter>Config Files\main Config Files</Filter>
    </None>
    <None Include="packages.config" />
    <None Include=".editorconfig" />
  </ItemGroup>
  <ItemGroup>
    <ResourceCompile Include="gamex86.rc" />
  </ItemGroup>
  <ItemGroup>
    <Text Include="..\ips.txt">
      <Filter>Config Files\main Config Files</Filter>
    </Text>
    <Text Include="..\maps.txt">
      <Filter>Config Files\main Config Files</Filter>
    </Text>
    <Text Include="..\names.txt">
      <Filter>Config Files\main Config Files</Filter>
    </Text>
    <Text Include="..\rcons.txt">
      <Filter>Config Files\main Config Files</Filter>
    </Text>
  </ItemGroup>
</Project>